
Microsoft Visual Studio Solution File, Format Version 12.00
# Visual Studio Version 17
VisualStudioVersion = 17.0.31903.59
MinimumVisualStudioVersion = 10.0.40219.1
Project("{2150E333-8FDC-42A3-9474-1A3956D46DE8}") = "src", "src", "{C149A62E-BA32-43E1-86F9-F45ED6DB1B66}"
EndProject
Project("{2150E333-8FDC-42A3-9474-1A3956D46DE8}") = "Remote.Shell.Interrupt.SNMPExecutor", "Remote.Shell.Interrupt.SNMPExecutor", "{DC597FCA-A704-4F7E-99A9-F396C52766C0}"
EndProject
Project("{2150E333-8FDC-42A3-9474-1A3956D46DE8}") = "Core", "Core", "{DD38BA56-D85C-45BB-99E0-7E7A5BD59C49}"
EndProject
Project("{FAE04EC0-301F-11D3-BF4B-00C04F79EFBC}") = "Remote.Shell.Interrupt.SNMPExecutor.Application", "src\Remote.Shell.Interrupt.SNMPExecutor\Core\Remote.Shell.Interrupt.SNMPExecutor.Application\Remote.Shell.Interrupt.SNMPExecutor.Application.csproj", "{8980A587-0242-40B8-9654-F87FA95851C5}"
EndProject
Project("{2150E333-8FDC-42A3-9474-1A3956D46DE8}") = "Infrastructure", "Infrastructure", "{1D78849D-6CA2-4D89-B4DF-3CB527ECEE3C}"
EndProject
Project("{FAE04EC0-301F-11D3-BF4B-00C04F79EFBC}") = "Remote.Shell.Interrupt.SNMPExecutor.SNMPCommandExecutor", "src\Remote.Shell.Interrupt.SNMPExecutor\Infrastructure\Remote.Shell.Interrupt.SNMPExecutor.SNMPCommandExecutor\Remote.Shell.Interrupt.SNMPExecutor.SNMPCommandExecutor.csproj", "{FB65E1A2-D28D-4D16-81C5-FEAD480A3795}"
EndProject
Project("{FAE04EC0-301F-11D3-BF4B-00C04F79EFBC}") = "Remote.Shell.Interrupt.SNMPExecutor.API", "src\Remote.Shell.Interrupt.SNMPExecutor\Remote.Shell.Interrupt.SNMPExecutor.API\Remote.Shell.Interrupt.SNMPExecutor.API.csproj", "{F45EBEEC-3163-4D9A-8094-08566E831A7E}"
EndProject
Project("{2150E333-8FDC-42A3-9474-1A3956D46DE8}") = "Core", "Core", "{7E4D4C8C-1F1B-4BA7-A3CA-3DFA3AD9CECF}"
EndProject
Project("{2150E333-8FDC-42A3-9474-1A3956D46DE8}") = "BuildingBlocks", "BuildingBlocks", "{1A76D11A-2F7A-46F4-ACF5-7B562675F621}"
EndProject
Project("{FAE04EC0-301F-11D3-BF4B-00C04F79EFBC}") = "Remote.Shell.Interrupt.BuildingBlocks", "src\BuildingBlocks\Remote.Shell.Interrupt.BuildingBlocks\Remote.Shell.Interrupt.BuildingBlocks.csproj", "{DBAE776F-9CD0-43F0-8778-84ED0B9EC9C9}"
EndProject
Project("{FAE04EC0-301F-11D3-BF4B-00C04F79EFBC}") = "Remote.Shell.Interrupt.AppLogger", "src\BuildingBlocks\Remote.Shell.Interrupt.AppLogger\Remote.Shell.Interrupt.AppLogger.csproj", "{497D5FDA-6FD8-4614-8101-A6D539B2348A}"
EndProject
Project("{2150E333-8FDC-42A3-9474-1A3956D46DE8}") = "Tests", "Tests", "{DF763C35-B657-4CFA-9916-03CF62D0AFF1}"
EndProject
Project("{FAE04EC0-301F-11D3-BF4B-00C04F79EFBC}") = "Remote.Shell.Interrupt.SNMPExecutor.Tests", "src\Tests\Remote.Shell.Interrupt.SNMPExecutor.Tests\Remote.Shell.Interrupt.SNMPExecutor.Tests.csproj", "{DAC1FDC9-5A8A-4820-8741-CCC20FC8BE73}"
EndProject
Global
	GlobalSection(SolutionConfigurationPlatforms) = preSolution
		Debug|Any CPU = Debug|Any CPU
		Release|Any CPU = Release|Any CPU
	EndGlobalSection
	GlobalSection(SolutionProperties) = preSolution
		HideSolutionNode = FALSE
	EndGlobalSection
	GlobalSection(ProjectConfigurationPlatforms) = postSolution
		{8980A587-0242-40B8-9654-F87FA95851C5}.Debug|Any CPU.ActiveCfg = Debug|Any CPU
		{8980A587-0242-40B8-9654-F87FA95851C5}.Debug|Any CPU.Build.0 = Debug|Any CPU
		{8980A587-0242-40B8-9654-F87FA95851C5}.Release|Any CPU.ActiveCfg = Release|Any CPU
		{8980A587-0242-40B8-9654-F87FA95851C5}.Release|Any CPU.Build.0 = Release|Any CPU
		{FB65E1A2-D28D-4D16-81C5-FEAD480A3795}.Debug|Any CPU.ActiveCfg = Debug|Any CPU
		{FB65E1A2-D28D-4D16-81C5-FEAD480A3795}.Debug|Any CPU.Build.0 = Debug|Any CPU
		{FB65E1A2-D28D-4D16-81C5-FEAD480A3795}.Release|Any CPU.ActiveCfg = Release|Any CPU
		{FB65E1A2-D28D-4D16-81C5-FEAD480A3795}.Release|Any CPU.Build.0 = Release|Any CPU
		{F45EBEEC-3163-4D9A-8094-08566E831A7E}.Debug|Any CPU.ActiveCfg = Debug|Any CPU
		{F45EBEEC-3163-4D9A-8094-08566E831A7E}.Debug|Any CPU.Build.0 = Debug|Any CPU
		{F45EBEEC-3163-4D9A-8094-08566E831A7E}.Release|Any CPU.ActiveCfg = Release|Any CPU
		{F45EBEEC-3163-4D9A-8094-08566E831A7E}.Release|Any CPU.Build.0 = Release|Any CPU
		{DBAE776F-9CD0-43F0-8778-84ED0B9EC9C9}.Debug|Any CPU.ActiveCfg = Debug|Any CPU
		{DBAE776F-9CD0-43F0-8778-84ED0B9EC9C9}.Debug|Any CPU.Build.0 = Debug|Any CPU
		{DBAE776F-9CD0-43F0-8778-84ED0B9EC9C9}.Release|Any CPU.ActiveCfg = Release|Any CPU
		{DBAE776F-9CD0-43F0-8778-84ED0B9EC9C9}.Release|Any CPU.Build.0 = Release|Any CPU
		{497D5FDA-6FD8-4614-8101-A6D539B2348A}.Debug|Any CPU.ActiveCfg = Debug|Any CPU
		{497D5FDA-6FD8-4614-8101-A6D539B2348A}.Debug|Any CPU.Build.0 = Debug|Any CPU
		{497D5FDA-6FD8-4614-8101-A6D539B2348A}.Release|Any CPU.ActiveCfg = Release|Any CPU
		{497D5FDA-6FD8-4614-8101-A6D539B2348A}.Release|Any CPU.Build.0 = Release|Any CPU
		{DAC1FDC9-5A8A-4820-8741-CCC20FC8BE73}.Debug|Any CPU.ActiveCfg = Debug|Any CPU
		{DAC1FDC9-5A8A-4820-8741-CCC20FC8BE73}.Debug|Any CPU.Build.0 = Debug|Any CPU
		{DAC1FDC9-5A8A-4820-8741-CCC20FC8BE73}.Release|Any CPU.ActiveCfg = Release|Any CPU
		{DAC1FDC9-5A8A-4820-8741-CCC20FC8BE73}.Release|Any CPU.Build.0 = Release|Any CPU
	EndGlobalSection
	GlobalSection(NestedProjects) = preSolution
		{DC597FCA-A704-4F7E-99A9-F396C52766C0} = {C149A62E-BA32-43E1-86F9-F45ED6DB1B66}
		{DD38BA56-D85C-45BB-99E0-7E7A5BD59C49} = {DC597FCA-A704-4F7E-99A9-F396C52766C0}
		{8980A587-0242-40B8-9654-F87FA95851C5} = {DD38BA56-D85C-45BB-99E0-7E7A5BD59C49}
		{1D78849D-6CA2-4D89-B4DF-3CB527ECEE3C} = {DC597FCA-A704-4F7E-99A9-F396C52766C0}
		{FB65E1A2-D28D-4D16-81C5-FEAD480A3795} = {1D78849D-6CA2-4D89-B4DF-3CB527ECEE3C}
		{F45EBEEC-3163-4D9A-8094-08566E831A7E} = {DC597FCA-A704-4F7E-99A9-F396C52766C0}
		{1A76D11A-2F7A-46F4-ACF5-7B562675F621} = {C149A62E-BA32-43E1-86F9-F45ED6DB1B66}
		{DBAE776F-9CD0-43F0-8778-84ED0B9EC9C9} = {1A76D11A-2F7A-46F4-ACF5-7B562675F621}
		{497D5FDA-6FD8-4614-8101-A6D539B2348A} = {1A76D11A-2F7A-46F4-ACF5-7B562675F621}
		{DF763C35-B657-4CFA-9916-03CF62D0AFF1} = {C149A62E-BA32-43E1-86F9-F45ED6DB1B66}
		{DAC1FDC9-5A8A-4820-8741-CCC20FC8BE73} = {DF763C35-B657-4CFA-9916-03CF62D0AFF1}
	EndGlobalSection
EndGlobal
