
Microsoft Visual Studio Solution File, Format Version 12.00
# Visual Studio Version 17
VisualStudioVersion = 17.0.31903.59
MinimumVisualStudioVersion = 10.0.40219.1
Project("{2150E333-8FDC-42A3-9474-1A3956D46DE8}") = "src", "src", "{C149A62E-BA32-43E1-86F9-F45ED6DB1B66}"
EndProject
Project("{2150E333-8FDC-42A3-9474-1A3956D46DE8}") = "BuildingBlocks", "BuildingBlocks", "{1A76D11A-2F7A-46F4-ACF5-7B562675F621}"
EndProject
Project("{9A19103F-16F7-4668-BE54-9A1E7A4F7556}") = "Remote.Shell.Interrupt.BuildingBlocks", "src\BuildingBlocks\Remote.Shell.Interrupt.BuildingBlocks\Remote.Shell.Interrupt.BuildingBlocks.csproj", "{DBAE776F-9CD0-43F0-8778-84ED0B9EC9C9}"
EndProject
Project("{9A19103F-16F7-4668-BE54-9A1E7A4F7556}") = "Remote.Shell.Interrupt.AppLogger", "src\BuildingBlocks\Remote.Shell.Interrupt.AppLogger\Remote.Shell.Interrupt.AppLogger.csproj", "{497D5FDA-6FD8-4614-8101-A6D539B2348A}"
EndProject
Project("{2150E333-8FDC-42A3-9474-1A3956D46DE8}") = "Remote.Shell.Interrupt.Storehouse", "Remote.Shell.Interrupt.Storehouse", "{08D9B619-252C-4306-85A9-1F1774E0FAE6}"
EndProject
Project("{2150E333-8FDC-42A3-9474-1A3956D46DE8}") = "Core", "Core", "{32467CE4-7749-4884-AECB-94184ABCEE2B}"
EndProject
Project("{9A19103F-16F7-4668-BE54-9A1E7A4F7556}") = "Remote.Shell.Interrupt.Storehouse.Domain", "src\Remote.Shell.Interrupt.Storehouse\Core\Remote.Shell.Interrupt.Storehouse.Domain\Remote.Shell.Interrupt.Storehouse.Domain.csproj", "{F720DD07-B59E-4087-BDD5-B6835C37A1B9}"
EndProject
Project("{9A19103F-16F7-4668-BE54-9A1E7A4F7556}") = "Remote.Shell.Interrupt.Storehouse.Application", "src\Remote.Shell.Interrupt.Storehouse\Core\Remote.Shell.Interrupt.Storehouse.Application\Remote.Shell.Interrupt.Storehouse.Application.csproj", "{0F9BCECD-D669-4A5D-AE4B-532979261F31}"
EndProject
Project("{9A19103F-16F7-4668-BE54-9A1E7A4F7556}") = "Remote.Shell.Interrupt.Storehouse.API", "src\Remote.Shell.Interrupt.Storehouse\Remote.Shell.Interrupt.Storehouse.API\Remote.Shell.Interrupt.Storehouse.API.csproj", "{C061EFC8-46B5-420B-B703-F35C7E2383A5}"
EndProject
Project("{2150E333-8FDC-42A3-9474-1A3956D46DE8}") = "Persistence", "Persistence", "{4DECAAA6-8893-4814-B764-52E2E58986B0}"
EndProject
Project("{9A19103F-16F7-4668-BE54-9A1E7A4F7556}") = "Remote.Shell.Interrupt.Storehouse.Persistence", "src\Remote.Shell.Interrupt.Storehouse\Persistence\Remote.Shell.Interrupt.Storehouse.Persistence\Remote.Shell.Interrupt.Storehouse.Persistence.csproj", "{474DFBD0-4904-43EB-AE87-D69AEE4487A9}"
EndProject
Project("{2150E333-8FDC-42A3-9474-1A3956D46DE8}") = "Infrastructure", "Infrastructure", "{3A44B376-0AC3-406D-BCC0-AB4DE838C3FC}"
EndProject
Project("{FAE04EC0-301F-11D3-BF4B-00C04F79EFBC}") = "Remmote.Shell.Interrupt.Storehouse.Infrastructure", "src\Remote.Shell.Interrupt.Storehouse\Infrastructure\Remmote.Shell.Interrupt.Storehouse.Infrastructure\Remmote.Shell.Interrupt.Storehouse.Infrastructure.csproj", "{D9D658CC-A406-4F6C-ABD9-216F7EAEC929}"
EndProject
Global
	GlobalSection(SolutionConfigurationPlatforms) = preSolution
		Debug|Any CPU = Debug|Any CPU
		Release|Any CPU = Release|Any CPU
	EndGlobalSection
	GlobalSection(ProjectConfigurationPlatforms) = postSolution
		{DBAE776F-9CD0-43F0-8778-84ED0B9EC9C9}.Debug|Any CPU.ActiveCfg = Debug|Any CPU
		{DBAE776F-9CD0-43F0-8778-84ED0B9EC9C9}.Debug|Any CPU.Build.0 = Debug|Any CPU
		{DBAE776F-9CD0-43F0-8778-84ED0B9EC9C9}.Release|Any CPU.ActiveCfg = Release|Any CPU
		{DBAE776F-9CD0-43F0-8778-84ED0B9EC9C9}.Release|Any CPU.Build.0 = Release|Any CPU
		{497D5FDA-6FD8-4614-8101-A6D539B2348A}.Debug|Any CPU.ActiveCfg = Debug|Any CPU
		{497D5FDA-6FD8-4614-8101-A6D539B2348A}.Debug|Any CPU.Build.0 = Debug|Any CPU
		{497D5FDA-6FD8-4614-8101-A6D539B2348A}.Release|Any CPU.ActiveCfg = Release|Any CPU
		{497D5FDA-6FD8-4614-8101-A6D539B2348A}.Release|Any CPU.Build.0 = Release|Any CPU
		{F720DD07-B59E-4087-BDD5-B6835C37A1B9}.Debug|Any CPU.ActiveCfg = Debug|Any CPU
		{F720DD07-B59E-4087-BDD5-B6835C37A1B9}.Debug|Any CPU.Build.0 = Debug|Any CPU
		{F720DD07-B59E-4087-BDD5-B6835C37A1B9}.Release|Any CPU.ActiveCfg = Release|Any CPU
		{F720DD07-B59E-4087-BDD5-B6835C37A1B9}.Release|Any CPU.Build.0 = Release|Any CPU
		{0F9BCECD-D669-4A5D-AE4B-532979261F31}.Debug|Any CPU.ActiveCfg = Debug|Any CPU
		{0F9BCECD-D669-4A5D-AE4B-532979261F31}.Debug|Any CPU.Build.0 = Debug|Any CPU
		{0F9BCECD-D669-4A5D-AE4B-532979261F31}.Release|Any CPU.ActiveCfg = Release|Any CPU
		{0F9BCECD-D669-4A5D-AE4B-532979261F31}.Release|Any CPU.Build.0 = Release|Any CPU
		{C061EFC8-46B5-420B-B703-F35C7E2383A5}.Debug|Any CPU.ActiveCfg = Debug|Any CPU
		{C061EFC8-46B5-420B-B703-F35C7E2383A5}.Debug|Any CPU.Build.0 = Debug|Any CPU
		{C061EFC8-46B5-420B-B703-F35C7E2383A5}.Release|Any CPU.ActiveCfg = Release|Any CPU
		{C061EFC8-46B5-420B-B703-F35C7E2383A5}.Release|Any CPU.Build.0 = Release|Any CPU
		{474DFBD0-4904-43EB-AE87-D69AEE4487A9}.Debug|Any CPU.ActiveCfg = Debug|Any CPU
		{474DFBD0-4904-43EB-AE87-D69AEE4487A9}.Debug|Any CPU.Build.0 = Debug|Any CPU
		{474DFBD0-4904-43EB-AE87-D69AEE4487A9}.Release|Any CPU.ActiveCfg = Release|Any CPU
		{474DFBD0-4904-43EB-AE87-D69AEE4487A9}.Release|Any CPU.Build.0 = Release|Any CPU
		{D9D658CC-A406-4F6C-ABD9-216F7EAEC929}.Debug|Any CPU.ActiveCfg = Debug|Any CPU
		{D9D658CC-A406-4F6C-ABD9-216F7EAEC929}.Debug|Any CPU.Build.0 = Debug|Any CPU
		{D9D658CC-A406-4F6C-ABD9-216F7EAEC929}.Release|Any CPU.ActiveCfg = Release|Any CPU
		{D9D658CC-A406-4F6C-ABD9-216F7EAEC929}.Release|Any CPU.Build.0 = Release|Any CPU
	EndGlobalSection
	GlobalSection(SolutionProperties) = preSolution
		HideSolutionNode = FALSE
	EndGlobalSection
	GlobalSection(NestedProjects) = preSolution
		{1A76D11A-2F7A-46F4-ACF5-7B562675F621} = {C149A62E-BA32-43E1-86F9-F45ED6DB1B66}
		{DBAE776F-9CD0-43F0-8778-84ED0B9EC9C9} = {1A76D11A-2F7A-46F4-ACF5-7B562675F621}
		{497D5FDA-6FD8-4614-8101-A6D539B2348A} = {1A76D11A-2F7A-46F4-ACF5-7B562675F621}
		{08D9B619-252C-4306-85A9-1F1774E0FAE6} = {C149A62E-BA32-43E1-86F9-F45ED6DB1B66}
		{32467CE4-7749-4884-AECB-94184ABCEE2B} = {08D9B619-252C-4306-85A9-1F1774E0FAE6}
		{F720DD07-B59E-4087-BDD5-B6835C37A1B9} = {32467CE4-7749-4884-AECB-94184ABCEE2B}
		{0F9BCECD-D669-4A5D-AE4B-532979261F31} = {32467CE4-7749-4884-AECB-94184ABCEE2B}
		{C061EFC8-46B5-420B-B703-F35C7E2383A5} = {08D9B619-252C-4306-85A9-1F1774E0FAE6}
		{4DECAAA6-8893-4814-B764-52E2E58986B0} = {08D9B619-252C-4306-85A9-1F1774E0FAE6}
		{474DFBD0-4904-43EB-AE87-D69AEE4487A9} = {4DECAAA6-8893-4814-B764-52E2E58986B0}
		{3A44B376-0AC3-406D-BCC0-AB4DE838C3FC} = {08D9B619-252C-4306-85A9-1F1774E0FAE6}
		{D9D658CC-A406-4F6C-ABD9-216F7EAEC929} = {3A44B376-0AC3-406D-BCC0-AB4DE838C3FC}
	EndGlobalSection
	GlobalSection(ExtensibilityGlobals) = postSolution
		SolutionGuid = {1663DF7B-013E-449A-829E-96D35A935AE9}
	EndGlobalSection
EndGlobal
